
Microsoft Visual Studio Solution File, Format Version 12.00
# Visual Studio Version 17
VisualStudioVersion = 17.2.32602.215
MinimumVisualStudioVersion = 10.0.40219.1
Project("{9A19103F-16F7-4668-BE54-9A1E7A4F7556}") = "RazorPages", "RazorPages\RazorPages.csproj", "{10E55145-6037-4E2F-9CD5-EC88CED6B844}"
EndProject
Global
	GlobalSection(SolutionConfigurationPlatforms) = preSolution
		Debug|Any CPU = Debug|Any CPU
		Release|Any CPU = Release|Any CPU
	EndGlobalSection
	GlobalSection(ProjectConfigurationPlatforms) = postSolution
		{10E55145-6037-4E2F-9CD5-EC88CED6B844}.Debug|Any CPU.ActiveCfg = Debug|Any CPU
		{10E55145-6037-4E2F-9CD5-EC88CED6B844}.Debug|Any CPU.Build.0 = Debug|Any CPU
		{10E55145-6037-4E2F-9CD5-EC88CED6B844}.Release|Any CPU.ActiveCfg = Release|Any CPU
		{10E55145-6037-4E2F-9CD5-EC88CED6B844}.Release|Any CPU.Build.0 = Release|Any CPU
	EndGlobalSection
	GlobalSection(SolutionProperties) = preSolution
		HideSolutionNode = FALSE
	EndGlobalSection
	GlobalSection(ExtensibilityGlobals) = postSolution
		SolutionGuid = {F5ADDB78-0D95-4B6F-8427-946DC8147645}
	EndGlobalSection
EndGlobal
